
Microsoft Visual Studio Solution File, Format Version 12.00
Project("{FAE04EC0-301F-11D3-BF4B-00C04F79EFBC}") = "ReduceArraySize.Cli", "ReduceArraySize.Cli\ReduceArraySize.Cli.csproj", "{04AA54CB-81B6-42D3-B8E7-CE480BA3E1B1}"
EndProject
Project("{FAE04EC0-301F-11D3-BF4B-00C04F79EFBC}") = "SplitArrayIntoConsecutiveSubsequences.Cli", "SplitArrayIntoConsecutiveSubsequences.Cli\SplitArrayIntoConsecutiveSubsequences.Cli.csproj", "{F7EAC443-DFEC-4D18-A5B4-4662CB2CAB8C}"
EndProject
Project("{FAE04EC0-301F-11D3-BF4B-00C04F79EFBC}") = "MaxSubarray.Cli", "MaxSubarray.Cli\MaxSubarray.Cli.csproj", "{DBB9B2CF-8E4D-4365-9817-8B8360BF8AE8}"
EndProject
Project("{FAE04EC0-301F-11D3-BF4B-00C04F79EFBC}") = "MinNumberRefuelingStops", "MinNumberRefuelingStops\MinNumberRefuelingStops.csproj", "{9E7681FD-BA2C-454B-9088-03286ED79BEF}"
EndProject
Project("{FAE04EC0-301F-11D3-BF4B-00C04F79EFBC}") = "TwoSum", "TwoSum\TwoSum.csproj", "{889038F2-17F7-4E45-B465-2FF8DF8E1A64}"
EndProject
Project("{FAE04EC0-301F-11D3-BF4B-00C04F79EFBC}") = "MergeSortedArray", "MergeSortedArray\MergeSortedArray.csproj", "{674F447F-D17F-480B-B309-585BC05B0CE6}"
EndProject
Project("{FAE04EC0-301F-11D3-BF4B-00C04F79EFBC}") = "PalindromeLinkedList", "PalindromeLinkedList\PalindromeLinkedList.csproj", "{16296039-0071-46A0-8B67-F4A79730474D}"
EndProject
Project("{FAE04EC0-301F-11D3-BF4B-00C04F79EFBC}") = "IntersectionOfTwoArraysII", "IntersectionOfTwoArraysII\IntersectionOfTwoArraysII.csproj", "{5B4ADD31-EA76-4635-9B7D-E3031A6BE7AB}"
EndProject
Project("{FAE04EC0-301F-11D3-BF4B-00C04F79EFBC}") = "ValidParentheses", "ValidParentheses\ValidParentheses.csproj", "{D511AB09-F9F1-4DE0-AAD1-CA407E4D9726}"
EndProject
Project("{FAE04EC0-301F-11D3-BF4B-00C04F79EFBC}") = "PowerOfThree", "PowerOfThree\PowerOfThree.csproj", "{3686FF00-D188-4E2F-A43F-BB45CDDD3082}"
EndProject
Project("{FAE04EC0-301F-11D3-BF4B-00C04F79EFBC}") = "RansomNote", "RansomNote\RansomNote.csproj", "{0F9C8C2E-4FA9-4FC4-B28A-55D5FA28AE16}"
EndProject
Project("{FAE04EC0-301F-11D3-BF4B-00C04F79EFBC}") = "MedianTwoSortedArrays", "MedianTwoSortedArrays\MedianTwoSortedArrays.csproj", "{7A5A8979-B75D-449A-A0ED-0EC79D411AF5}"
EndProject
Project("{FAE04EC0-301F-11D3-BF4B-00C04F79EFBC}") = "PascalsTriangle", "PascalsTriangle\PascalsTriangle.csproj", "{B2968E59-6073-4881-B49A-9597DDBAF4D6}"
EndProject
Project("{FAE04EC0-301F-11D3-BF4B-00C04F79EFBC}") = "NumOfIslands", "NumOfIslands\NumOfIslands.csproj", "{F6BEC21D-4ACC-414F-8716-6CA0301D9358}"
EndProject
Global
	GlobalSection(SolutionConfigurationPlatforms) = preSolution
		Debug|Any CPU = Debug|Any CPU
		Release|Any CPU = Release|Any CPU
	EndGlobalSection
	GlobalSection(ProjectConfigurationPlatforms) = postSolution
		{04AA54CB-81B6-42D3-B8E7-CE480BA3E1B1}.Debug|Any CPU.ActiveCfg = Debug|Any CPU
		{04AA54CB-81B6-42D3-B8E7-CE480BA3E1B1}.Debug|Any CPU.Build.0 = Debug|Any CPU
		{04AA54CB-81B6-42D3-B8E7-CE480BA3E1B1}.Release|Any CPU.ActiveCfg = Release|Any CPU
		{04AA54CB-81B6-42D3-B8E7-CE480BA3E1B1}.Release|Any CPU.Build.0 = Release|Any CPU
		{F7EAC443-DFEC-4D18-A5B4-4662CB2CAB8C}.Debug|Any CPU.ActiveCfg = Debug|Any CPU
		{F7EAC443-DFEC-4D18-A5B4-4662CB2CAB8C}.Debug|Any CPU.Build.0 = Debug|Any CPU
		{F7EAC443-DFEC-4D18-A5B4-4662CB2CAB8C}.Release|Any CPU.ActiveCfg = Release|Any CPU
		{F7EAC443-DFEC-4D18-A5B4-4662CB2CAB8C}.Release|Any CPU.Build.0 = Release|Any CPU
		{DBB9B2CF-8E4D-4365-9817-8B8360BF8AE8}.Debug|Any CPU.ActiveCfg = Debug|Any CPU
		{DBB9B2CF-8E4D-4365-9817-8B8360BF8AE8}.Debug|Any CPU.Build.0 = Debug|Any CPU
		{DBB9B2CF-8E4D-4365-9817-8B8360BF8AE8}.Release|Any CPU.ActiveCfg = Release|Any CPU
		{DBB9B2CF-8E4D-4365-9817-8B8360BF8AE8}.Release|Any CPU.Build.0 = Release|Any CPU
		{9E7681FD-BA2C-454B-9088-03286ED79BEF}.Debug|Any CPU.ActiveCfg = Debug|Any CPU
		{9E7681FD-BA2C-454B-9088-03286ED79BEF}.Debug|Any CPU.Build.0 = Debug|Any CPU
		{9E7681FD-BA2C-454B-9088-03286ED79BEF}.Release|Any CPU.ActiveCfg = Release|Any CPU
		{9E7681FD-BA2C-454B-9088-03286ED79BEF}.Release|Any CPU.Build.0 = Release|Any CPU
		{889038F2-17F7-4E45-B465-2FF8DF8E1A64}.Debug|Any CPU.ActiveCfg = Debug|Any CPU
		{889038F2-17F7-4E45-B465-2FF8DF8E1A64}.Debug|Any CPU.Build.0 = Debug|Any CPU
		{889038F2-17F7-4E45-B465-2FF8DF8E1A64}.Release|Any CPU.ActiveCfg = Release|Any CPU
		{889038F2-17F7-4E45-B465-2FF8DF8E1A64}.Release|Any CPU.Build.0 = Release|Any CPU
		{674F447F-D17F-480B-B309-585BC05B0CE6}.Debug|Any CPU.ActiveCfg = Debug|Any CPU
		{674F447F-D17F-480B-B309-585BC05B0CE6}.Debug|Any CPU.Build.0 = Debug|Any CPU
		{674F447F-D17F-480B-B309-585BC05B0CE6}.Release|Any CPU.ActiveCfg = Release|Any CPU
		{674F447F-D17F-480B-B309-585BC05B0CE6}.Release|Any CPU.Build.0 = Release|Any CPU
		{16296039-0071-46A0-8B67-F4A79730474D}.Debug|Any CPU.ActiveCfg = Debug|Any CPU
		{16296039-0071-46A0-8B67-F4A79730474D}.Debug|Any CPU.Build.0 = Debug|Any CPU
		{16296039-0071-46A0-8B67-F4A79730474D}.Release|Any CPU.ActiveCfg = Release|Any CPU
		{16296039-0071-46A0-8B67-F4A79730474D}.Release|Any CPU.Build.0 = Release|Any CPU
		{5B4ADD31-EA76-4635-9B7D-E3031A6BE7AB}.Debug|Any CPU.ActiveCfg = Debug|Any CPU
		{5B4ADD31-EA76-4635-9B7D-E3031A6BE7AB}.Debug|Any CPU.Build.0 = Debug|Any CPU
		{5B4ADD31-EA76-4635-9B7D-E3031A6BE7AB}.Release|Any CPU.ActiveCfg = Release|Any CPU
		{5B4ADD31-EA76-4635-9B7D-E3031A6BE7AB}.Release|Any CPU.Build.0 = Release|Any CPU
		{D511AB09-F9F1-4DE0-AAD1-CA407E4D9726}.Debug|Any CPU.ActiveCfg = Debug|Any CPU
		{D511AB09-F9F1-4DE0-AAD1-CA407E4D9726}.Debug|Any CPU.Build.0 = Debug|Any CPU
		{D511AB09-F9F1-4DE0-AAD1-CA407E4D9726}.Release|Any CPU.ActiveCfg = Release|Any CPU
		{D511AB09-F9F1-4DE0-AAD1-CA407E4D9726}.Release|Any CPU.Build.0 = Release|Any CPU
		{3686FF00-D188-4E2F-A43F-BB45CDDD3082}.Debug|Any CPU.ActiveCfg = Debug|Any CPU
		{3686FF00-D188-4E2F-A43F-BB45CDDD3082}.Debug|Any CPU.Build.0 = Debug|Any CPU
		{3686FF00-D188-4E2F-A43F-BB45CDDD3082}.Release|Any CPU.ActiveCfg = Release|Any CPU
		{3686FF00-D188-4E2F-A43F-BB45CDDD3082}.Release|Any CPU.Build.0 = Release|Any CPU
		{0F9C8C2E-4FA9-4FC4-B28A-55D5FA28AE16}.Debug|Any CPU.ActiveCfg = Debug|Any CPU
		{0F9C8C2E-4FA9-4FC4-B28A-55D5FA28AE16}.Debug|Any CPU.Build.0 = Debug|Any CPU
		{0F9C8C2E-4FA9-4FC4-B28A-55D5FA28AE16}.Release|Any CPU.ActiveCfg = Release|Any CPU
		{0F9C8C2E-4FA9-4FC4-B28A-55D5FA28AE16}.Release|Any CPU.Build.0 = Release|Any CPU
		{7A5A8979-B75D-449A-A0ED-0EC79D411AF5}.Debug|Any CPU.ActiveCfg = Debug|Any CPU
		{7A5A8979-B75D-449A-A0ED-0EC79D411AF5}.Debug|Any CPU.Build.0 = Debug|Any CPU
		{7A5A8979-B75D-449A-A0ED-0EC79D411AF5}.Release|Any CPU.ActiveCfg = Release|Any CPU
		{7A5A8979-B75D-449A-A0ED-0EC79D411AF5}.Release|Any CPU.Build.0 = Release|Any CPU
		{B2968E59-6073-4881-B49A-9597DDBAF4D6}.Debug|Any CPU.ActiveCfg = Debug|Any CPU
		{B2968E59-6073-4881-B49A-9597DDBAF4D6}.Debug|Any CPU.Build.0 = Debug|Any CPU
		{B2968E59-6073-4881-B49A-9597DDBAF4D6}.Release|Any CPU.ActiveCfg = Release|Any CPU
		{B2968E59-6073-4881-B49A-9597DDBAF4D6}.Release|Any CPU.Build.0 = Release|Any CPU
		{F6BEC21D-4ACC-414F-8716-6CA0301D9358}.Debug|Any CPU.ActiveCfg = Debug|Any CPU
		{F6BEC21D-4ACC-414F-8716-6CA0301D9358}.Debug|Any CPU.Build.0 = Debug|Any CPU
		{F6BEC21D-4ACC-414F-8716-6CA0301D9358}.Release|Any CPU.ActiveCfg = Release|Any CPU
		{F6BEC21D-4ACC-414F-8716-6CA0301D9358}.Release|Any CPU.Build.0 = Release|Any CPU
	EndGlobalSection
EndGlobal
