
Microsoft Visual Studio Solution File, Format Version 12.00
Project("{FAE04EC0-301F-11D3-BF4B-00C04F79EFBC}") = "ReduceArraySize.Cli", "ReduceArraySize.Cli\ReduceArraySize.Cli.csproj", "{04AA54CB-81B6-42D3-B8E7-CE480BA3E1B1}"
EndProject
Project("{FAE04EC0-301F-11D3-BF4B-00C04F79EFBC}") = "SplitArrayIntoConsecutiveSubsequences.Cli", "SplitArrayIntoConsecutiveSubsequences.Cli\SplitArrayIntoConsecutiveSubsequences.Cli.csproj", "{F7EAC443-DFEC-4D18-A5B4-4662CB2CAB8C}"
EndProject
Project("{FAE04EC0-301F-11D3-BF4B-00C04F79EFBC}") = "MaxSubarray.Cli", "MaxSubarray.Cli\MaxSubarray.Cli.csproj", "{DBB9B2CF-8E4D-4365-9817-8B8360BF8AE8}"
EndProject
Project("{FAE04EC0-301F-11D3-BF4B-00C04F79EFBC}") = "MinNumberRefuelingStops", "MinNumberRefuelingStops\MinNumberRefuelingStops.csproj", "{9E7681FD-BA2C-454B-9088-03286ED79BEF}"
EndProject
Project("{FAE04EC0-301F-11D3-BF4B-00C04F79EFBC}") = "TwoSum", "TwoSum\TwoSum.csproj", "{889038F2-17F7-4E45-B465-2FF8DF8E1A64}"
EndProject
Project("{FAE04EC0-301F-11D3-BF4B-00C04F79EFBC}") = "MergeSortedArray", "MergeSortedArray\MergeSortedArray.csproj", "{674F447F-D17F-480B-B309-585BC05B0CE6}"
EndProject
Global
	GlobalSection(SolutionConfigurationPlatforms) = preSolution
		Debug|Any CPU = Debug|Any CPU
		Release|Any CPU = Release|Any CPU
	EndGlobalSection
	GlobalSection(ProjectConfigurationPlatforms) = postSolution
		{04AA54CB-81B6-42D3-B8E7-CE480BA3E1B1}.Debug|Any CPU.ActiveCfg = Debug|Any CPU
		{04AA54CB-81B6-42D3-B8E7-CE480BA3E1B1}.Debug|Any CPU.Build.0 = Debug|Any CPU
		{04AA54CB-81B6-42D3-B8E7-CE480BA3E1B1}.Release|Any CPU.ActiveCfg = Release|Any CPU
		{04AA54CB-81B6-42D3-B8E7-CE480BA3E1B1}.Release|Any CPU.Build.0 = Release|Any CPU
		{F7EAC443-DFEC-4D18-A5B4-4662CB2CAB8C}.Debug|Any CPU.ActiveCfg = Debug|Any CPU
		{F7EAC443-DFEC-4D18-A5B4-4662CB2CAB8C}.Debug|Any CPU.Build.0 = Debug|Any CPU
		{F7EAC443-DFEC-4D18-A5B4-4662CB2CAB8C}.Release|Any CPU.ActiveCfg = Release|Any CPU
		{F7EAC443-DFEC-4D18-A5B4-4662CB2CAB8C}.Release|Any CPU.Build.0 = Release|Any CPU
		{DBB9B2CF-8E4D-4365-9817-8B8360BF8AE8}.Debug|Any CPU.ActiveCfg = Debug|Any CPU
		{DBB9B2CF-8E4D-4365-9817-8B8360BF8AE8}.Debug|Any CPU.Build.0 = Debug|Any CPU
		{DBB9B2CF-8E4D-4365-9817-8B8360BF8AE8}.Release|Any CPU.ActiveCfg = Release|Any CPU
		{DBB9B2CF-8E4D-4365-9817-8B8360BF8AE8}.Release|Any CPU.Build.0 = Release|Any CPU
		{9E7681FD-BA2C-454B-9088-03286ED79BEF}.Debug|Any CPU.ActiveCfg = Debug|Any CPU
		{9E7681FD-BA2C-454B-9088-03286ED79BEF}.Debug|Any CPU.Build.0 = Debug|Any CPU
		{9E7681FD-BA2C-454B-9088-03286ED79BEF}.Release|Any CPU.ActiveCfg = Release|Any CPU
		{9E7681FD-BA2C-454B-9088-03286ED79BEF}.Release|Any CPU.Build.0 = Release|Any CPU
		{889038F2-17F7-4E45-B465-2FF8DF8E1A64}.Debug|Any CPU.ActiveCfg = Debug|Any CPU
		{889038F2-17F7-4E45-B465-2FF8DF8E1A64}.Debug|Any CPU.Build.0 = Debug|Any CPU
		{889038F2-17F7-4E45-B465-2FF8DF8E1A64}.Release|Any CPU.ActiveCfg = Release|Any CPU
		{889038F2-17F7-4E45-B465-2FF8DF8E1A64}.Release|Any CPU.Build.0 = Release|Any CPU
		{674F447F-D17F-480B-B309-585BC05B0CE6}.Debug|Any CPU.ActiveCfg = Debug|Any CPU
		{674F447F-D17F-480B-B309-585BC05B0CE6}.Debug|Any CPU.Build.0 = Debug|Any CPU
		{674F447F-D17F-480B-B309-585BC05B0CE6}.Release|Any CPU.ActiveCfg = Release|Any CPU
		{674F447F-D17F-480B-B309-585BC05B0CE6}.Release|Any CPU.Build.0 = Release|Any CPU
	EndGlobalSection
EndGlobal
